// !$*UTF8*$!
{
	archiveVersion = 1;
	classes = {
	};
	objectVersion = 46;
	objects = {

/* Begin PBXBuildFile section */
		3202C7AC1DECBBE7003A8B4C /* AppDelegate.swift in Sources */ = {isa = PBXBuildFile; fileRef = 3202C7AB1DECBBE7003A8B4C /* AppDelegate.swift */; };
		3202C7B11DECBBE7003A8B4C /* Main.storyboard in Resources */ = {isa = PBXBuildFile; fileRef = 3202C7AF1DECBBE7003A8B4C /* Main.storyboard */; };
		3202C7B41DECBBE7003A8B4C /* myGuideUserStore.xcdatamodeld in Sources */ = {isa = PBXBuildFile; fileRef = 3202C7B21DECBBE7003A8B4C /* myGuideUserStore.xcdatamodeld */; };
		3202C7B61DECBBE7003A8B4C /* Assets.xcassets in Resources */ = {isa = PBXBuildFile; fileRef = 3202C7B51DECBBE7003A8B4C /* Assets.xcassets */; };
		3202C7B91DECBBE7003A8B4C /* LaunchScreen.storyboard in Resources */ = {isa = PBXBuildFile; fileRef = 3202C7B71DECBBE7003A8B4C /* LaunchScreen.storyboard */; };
		3202C7C41DECBBE8003A8B4C /* myGuideUserStoreTests.swift in Sources */ = {isa = PBXBuildFile; fileRef = 3202C7C31DECBBE8003A8B4C /* myGuideUserStoreTests.swift */; };
		3202C7CF1DECBBE8003A8B4C /* myGuideUserStoreUITests.swift in Sources */ = {isa = PBXBuildFile; fileRef = 3202C7CE1DECBBE8003A8B4C /* myGuideUserStoreUITests.swift */; };
		3202C7E11DECBE0C003A8B4C /* StoreTableViewController.swift in Sources */ = {isa = PBXBuildFile; fileRef = 3202C7E01DECBE0C003A8B4C /* StoreTableViewController.swift */; };
		3202C7E31DECBF36003A8B4C /* StoreCell.xib in Resources */ = {isa = PBXBuildFile; fileRef = 3202C7E21DECBF36003A8B4C /* StoreCell.xib */; };
		3202C7E51DECC3DD003A8B4C /* TourDetailViewController.swift in Sources */ = {isa = PBXBuildFile; fileRef = 3202C7E41DECC3DD003A8B4C /* TourDetailViewController.swift */; };
		320C6D1E1DF88CD200B60430 /* CoreData.framework in Frameworks */ = {isa = PBXBuildFile; fileRef = 320C6D1D1DF88CD200B60430 /* CoreData.framework */; };
		320C6D201DF8908800B60430 /* MyToursViewController.swift in Sources */ = {isa = PBXBuildFile; fileRef = 320C6D1F1DF8908800B60430 /* MyToursViewController.swift */; };
		320C6D221DF8B92A00B60430 /* TourViewController.swift in Sources */ = {isa = PBXBuildFile; fileRef = 320C6D211DF8B92A00B60430 /* TourViewController.swift */; };
		3216636F1DFA1DEF0047A315 /* endRatingView.xib in Resources */ = {isa = PBXBuildFile; fileRef = 3216636E1DFA1DEF0047A315 /* endRatingView.xib */; };
		321663731DFA23660047A315 /* ReviewView.swift in Sources */ = {isa = PBXBuildFile; fileRef = 321663721DFA23660047A315 /* ReviewView.swift */; };
		323CB11D1DF71445006ED9A2 /* ViewController.swift in Sources */ = {isa = PBXBuildFile; fileRef = 323CB11C1DF71445006ED9A2 /* ViewController.swift */; };
		323CB11F1DF714D1006ED9A2 /* LoginViewController.swift in Sources */ = {isa = PBXBuildFile; fileRef = 323CB11E1DF714D1006ED9A2 /* LoginViewController.swift */; };
		324E90DC1DF0EF3C00D24175 /* GoogleService-Info.plist in Resources */ = {isa = PBXBuildFile; fileRef = 324E90DB1DF0EF3C00D24175 /* GoogleService-Info.plist */; };
		32FF8CE21DF7246C00A5CAA5 /* StoreViewController.swift in Sources */ = {isa = PBXBuildFile; fileRef = 32FF8CE11DF7246C00A5CAA5 /* StoreViewController.swift */; };
		7B78F70EFF30A7CAA06146D3 /* Pods_myGuideUserStore.framework in Frameworks */ = {isa = PBXBuildFile; fileRef = 4A508D9F738E34ABC7DFA3A0 /* Pods_myGuideUserStore.framework */; };
		BC613A7E34CF6437F0E5F3DD /* Pods_myGuideUserStoreUITests.framework in Frameworks */ = {isa = PBXBuildFile; fileRef = 16F18B0523D4CD25E6977F40 /* Pods_myGuideUserStoreUITests.framework */; };
		C16787AFDD607B185D2434C1 /* Pods_myGuideUserStoreTests.framework in Frameworks */ = {isa = PBXBuildFile; fileRef = C5C2A5894366EB52FFB4C483 /* Pods_myGuideUserStoreTests.framework */; };
/* End PBXBuildFile section */

/* Begin PBXContainerItemProxy section */
		3202C7C01DECBBE8003A8B4C /* PBXContainerItemProxy */ = {
			isa = PBXContainerItemProxy;
			containerPortal = 3202C7A01DECBBE7003A8B4C /* Project object */;
			proxyType = 1;
			remoteGlobalIDString = 3202C7A71DECBBE7003A8B4C;
			remoteInfo = myGuideUserStore;
		};
		3202C7CB1DECBBE8003A8B4C /* PBXContainerItemProxy */ = {
			isa = PBXContainerItemProxy;
			containerPortal = 3202C7A01DECBBE7003A8B4C /* Project object */;
			proxyType = 1;
			remoteGlobalIDString = 3202C7A71DECBBE7003A8B4C;
			remoteInfo = myGuideUserStore;
		};
/* End PBXContainerItemProxy section */

/* Begin PBXFileReference section */
		13843F61C5FA2E49ADCF6637 /* Pods-myGuideUserStoreUITests.debug.xcconfig */ = {isa = PBXFileReference; includeInIndex = 1; lastKnownFileType = text.xcconfig; name = "Pods-myGuideUserStoreUITests.debug.xcconfig"; path = "Pods/Target Support Files/Pods-myGuideUserStoreUITests/Pods-myGuideUserStoreUITests.debug.xcconfig"; sourceTree = "<group>"; };
		1462EAC2896E5CFEB1F288E0 /* Pods-myGuideUserStoreUITests.release.xcconfig */ = {isa = PBXFileReference; includeInIndex = 1; lastKnownFileType = text.xcconfig; name = "Pods-myGuideUserStoreUITests.release.xcconfig"; path = "Pods/Target Support Files/Pods-myGuideUserStoreUITests/Pods-myGuideUserStoreUITests.release.xcconfig"; sourceTree = "<group>"; };
		16F18B0523D4CD25E6977F40 /* Pods_myGuideUserStoreUITests.framework */ = {isa = PBXFileReference; explicitFileType = wrapper.framework; includeInIndex = 0; path = Pods_myGuideUserStoreUITests.framework; sourceTree = BUILT_PRODUCTS_DIR; };
		3202C7A81DECBBE7003A8B4C /* myGuideUserStore.app */ = {isa = PBXFileReference; explicitFileType = wrapper.application; includeInIndex = 0; path = myGuideUserStore.app; sourceTree = BUILT_PRODUCTS_DIR; };
		3202C7AB1DECBBE7003A8B4C /* AppDelegate.swift */ = {isa = PBXFileReference; lastKnownFileType = sourcecode.swift; path = AppDelegate.swift; sourceTree = "<group>"; };
		3202C7B01DECBBE7003A8B4C /* Base */ = {isa = PBXFileReference; lastKnownFileType = file.storyboard; name = Base; path = Base.lproj/Main.storyboard; sourceTree = "<group>"; };
		3202C7B31DECBBE7003A8B4C /* myGuideUserStore.xcdatamodel */ = {isa = PBXFileReference; lastKnownFileType = wrapper.xcdatamodel; path = myGuideUserStore.xcdatamodel; sourceTree = "<group>"; };
		3202C7B51DECBBE7003A8B4C /* Assets.xcassets */ = {isa = PBXFileReference; lastKnownFileType = folder.assetcatalog; path = Assets.xcassets; sourceTree = "<group>"; };
		3202C7B81DECBBE7003A8B4C /* Base */ = {isa = PBXFileReference; lastKnownFileType = file.storyboard; name = Base; path = Base.lproj/LaunchScreen.storyboard; sourceTree = "<group>"; };
		3202C7BA1DECBBE7003A8B4C /* Info.plist */ = {isa = PBXFileReference; lastKnownFileType = text.plist.xml; path = Info.plist; sourceTree = "<group>"; };
		3202C7BF1DECBBE8003A8B4C /* myGuideUserStoreTests.xctest */ = {isa = PBXFileReference; explicitFileType = wrapper.cfbundle; includeInIndex = 0; path = myGuideUserStoreTests.xctest; sourceTree = BUILT_PRODUCTS_DIR; };
		3202C7C31DECBBE8003A8B4C /* myGuideUserStoreTests.swift */ = {isa = PBXFileReference; lastKnownFileType = sourcecode.swift; path = myGuideUserStoreTests.swift; sourceTree = "<group>"; };
		3202C7C51DECBBE8003A8B4C /* Info.plist */ = {isa = PBXFileReference; lastKnownFileType = text.plist.xml; path = Info.plist; sourceTree = "<group>"; };
		3202C7CA1DECBBE8003A8B4C /* myGuideUserStoreUITests.xctest */ = {isa = PBXFileReference; explicitFileType = wrapper.cfbundle; includeInIndex = 0; path = myGuideUserStoreUITests.xctest; sourceTree = BUILT_PRODUCTS_DIR; };
		3202C7CE1DECBBE8003A8B4C /* myGuideUserStoreUITests.swift */ = {isa = PBXFileReference; lastKnownFileType = sourcecode.swift; path = myGuideUserStoreUITests.swift; sourceTree = "<group>"; };
		3202C7D01DECBBE8003A8B4C /* Info.plist */ = {isa = PBXFileReference; lastKnownFileType = text.plist.xml; path = Info.plist; sourceTree = "<group>"; };
		3202C7E01DECBE0C003A8B4C /* StoreTableViewController.swift */ = {isa = PBXFileReference; fileEncoding = 4; lastKnownFileType = sourcecode.swift; name = StoreTableViewController.swift; path = ../StoreTableViewController.swift; sourceTree = "<group>"; };
		3202C7E21DECBF36003A8B4C /* StoreCell.xib */ = {isa = PBXFileReference; fileEncoding = 4; lastKnownFileType = file.xib; path = StoreCell.xib; sourceTree = "<group>"; };
		3202C7E41DECC3DD003A8B4C /* TourDetailViewController.swift */ = {isa = PBXFileReference; fileEncoding = 4; lastKnownFileType = sourcecode.swift; path = TourDetailViewController.swift; sourceTree = "<group>"; };
		320C6D1D1DF88CD200B60430 /* CoreData.framework */ = {isa = PBXFileReference; lastKnownFileType = wrapper.framework; name = CoreData.framework; path = System/Library/Frameworks/CoreData.framework; sourceTree = SDKROOT; };
		320C6D1F1DF8908800B60430 /* MyToursViewController.swift */ = {isa = PBXFileReference; fileEncoding = 4; lastKnownFileType = sourcecode.swift; path = MyToursViewController.swift; sourceTree = "<group>"; };
		320C6D211DF8B92A00B60430 /* TourViewController.swift */ = {isa = PBXFileReference; fileEncoding = 4; lastKnownFileType = sourcecode.swift; path = TourViewController.swift; sourceTree = "<group>"; };
		3216636E1DFA1DEF0047A315 /* endRatingView.xib */ = {isa = PBXFileReference; fileEncoding = 4; lastKnownFileType = file.xib; name = endRatingView.xib; path = ../endRatingView.xib; sourceTree = "<group>"; };
		321663721DFA23660047A315 /* ReviewView.swift */ = {isa = PBXFileReference; fileEncoding = 4; lastKnownFileType = sourcecode.swift; path = ReviewView.swift; sourceTree = "<group>"; };
		323CB11C1DF71445006ED9A2 /* ViewController.swift */ = {isa = PBXFileReference; fileEncoding = 4; lastKnownFileType = sourcecode.swift; path = ViewController.swift; sourceTree = "<group>"; };
		323CB11E1DF714D1006ED9A2 /* LoginViewController.swift */ = {isa = PBXFileReference; fileEncoding = 4; lastKnownFileType = sourcecode.swift; path = LoginViewController.swift; sourceTree = "<group>"; };
		324E90DB1DF0EF3C00D24175 /* GoogleService-Info.plist */ = {isa = PBXFileReference; fileEncoding = 4; lastKnownFileType = text.plist.xml; path = "GoogleService-Info.plist"; sourceTree = "<group>"; };
		32FF8CE01DF719E500A5CAA5 /* myGuideUserStore.entitlements */ = {isa = PBXFileReference; lastKnownFileType = text.plist.entitlements; path = myGuideUserStore.entitlements; sourceTree = "<group>"; };
		32FF8CE11DF7246C00A5CAA5 /* StoreViewController.swift */ = {isa = PBXFileReference; fileEncoding = 4; lastKnownFileType = sourcecode.swift; path = StoreViewController.swift; sourceTree = "<group>"; };
		3934AEF75D6110B8C0560798 /* Pods-myGuideUserStore.release.xcconfig */ = {isa = PBXFileReference; includeInIndex = 1; lastKnownFileType = text.xcconfig; name = "Pods-myGuideUserStore.release.xcconfig"; path = "Pods/Target Support Files/Pods-myGuideUserStore/Pods-myGuideUserStore.release.xcconfig"; sourceTree = "<group>"; };
		4A508D9F738E34ABC7DFA3A0 /* Pods_myGuideUserStore.framework */ = {isa = PBXFileReference; explicitFileType = wrapper.framework; includeInIndex = 0; path = Pods_myGuideUserStore.framework; sourceTree = BUILT_PRODUCTS_DIR; };
		5113F496A5BC98A12A65CC45 /* Pods-myGuideUserStoreTests.debug.xcconfig */ = {isa = PBXFileReference; includeInIndex = 1; lastKnownFileType = text.xcconfig; name = "Pods-myGuideUserStoreTests.debug.xcconfig"; path = "Pods/Target Support Files/Pods-myGuideUserStoreTests/Pods-myGuideUserStoreTests.debug.xcconfig"; sourceTree = "<group>"; };
		6D2CECEC8265532F3042ED9A /* Pods-myGuideUserStore.debug.xcconfig */ = {isa = PBXFileReference; includeInIndex = 1; lastKnownFileType = text.xcconfig; name = "Pods-myGuideUserStore.debug.xcconfig"; path = "Pods/Target Support Files/Pods-myGuideUserStore/Pods-myGuideUserStore.debug.xcconfig"; sourceTree = "<group>"; };
		C5C2A5894366EB52FFB4C483 /* Pods_myGuideUserStoreTests.framework */ = {isa = PBXFileReference; explicitFileType = wrapper.framework; includeInIndex = 0; path = Pods_myGuideUserStoreTests.framework; sourceTree = BUILT_PRODUCTS_DIR; };
		E14A74B75A4AAA55D5090D2B /* Pods-myGuideUserStoreTests.release.xcconfig */ = {isa = PBXFileReference; includeInIndex = 1; lastKnownFileType = text.xcconfig; name = "Pods-myGuideUserStoreTests.release.xcconfig"; path = "Pods/Target Support Files/Pods-myGuideUserStoreTests/Pods-myGuideUserStoreTests.release.xcconfig"; sourceTree = "<group>"; };
/* End PBXFileReference section */

/* Begin PBXFrameworksBuildPhase section */
		3202C7A51DECBBE7003A8B4C /* Frameworks */ = {
			isa = PBXFrameworksBuildPhase;
			buildActionMask = 2147483647;
			files = (
				320C6D1E1DF88CD200B60430 /* CoreData.framework in Frameworks */,
				7B78F70EFF30A7CAA06146D3 /* Pods_myGuideUserStore.framework in Frameworks */,
			);
			runOnlyForDeploymentPostprocessing = 0;
		};
		3202C7BC1DECBBE8003A8B4C /* Frameworks */ = {
			isa = PBXFrameworksBuildPhase;
			buildActionMask = 2147483647;
			files = (
				C16787AFDD607B185D2434C1 /* Pods_myGuideUserStoreTests.framework in Frameworks */,
			);
			runOnlyForDeploymentPostprocessing = 0;
		};
		3202C7C71DECBBE8003A8B4C /* Frameworks */ = {
			isa = PBXFrameworksBuildPhase;
			buildActionMask = 2147483647;
			files = (
				BC613A7E34CF6437F0E5F3DD /* Pods_myGuideUserStoreUITests.framework in Frameworks */,
			);
			runOnlyForDeploymentPostprocessing = 0;
		};
/* End PBXFrameworksBuildPhase section */

/* Begin PBXGroup section */
		3202C79F1DECBBE7003A8B4C = {
			isa = PBXGroup;
			children = (
				3202C7AA1DECBBE7003A8B4C /* myGuideUserStore */,
				3202C7C21DECBBE8003A8B4C /* myGuideUserStoreTests */,
				3202C7CD1DECBBE8003A8B4C /* myGuideUserStoreUITests */,
				3202C7A91DECBBE7003A8B4C /* Products */,
				8C6A8762722713491CB7B5D7 /* Pods */,
				4106B22C298A071714931533 /* Frameworks */,
			);
			sourceTree = "<group>";
		};
		3202C7A91DECBBE7003A8B4C /* Products */ = {
			isa = PBXGroup;
			children = (
				3202C7A81DECBBE7003A8B4C /* myGuideUserStore.app */,
				3202C7BF1DECBBE8003A8B4C /* myGuideUserStoreTests.xctest */,
				3202C7CA1DECBBE8003A8B4C /* myGuideUserStoreUITests.xctest */,
			);
			name = Products;
			sourceTree = "<group>";
		};
		3202C7AA1DECBBE7003A8B4C /* myGuideUserStore */ = {
			isa = PBXGroup;
			children = (
				32FF8CE01DF719E500A5CAA5 /* myGuideUserStore.entitlements */,
				3202C7AB1DECBBE7003A8B4C /* AppDelegate.swift */,
				3202C7E01DECBE0C003A8B4C /* StoreTableViewController.swift */,
				323CB11C1DF71445006ED9A2 /* ViewController.swift */,
				32FF8CE11DF7246C00A5CAA5 /* StoreViewController.swift */,
				323CB11E1DF714D1006ED9A2 /* LoginViewController.swift */,
				3202C7E41DECC3DD003A8B4C /* TourDetailViewController.swift */,
				320C6D1F1DF8908800B60430 /* MyToursViewController.swift */,
				320C6D211DF8B92A00B60430 /* TourViewController.swift */,
				3202C7E21DECBF36003A8B4C /* StoreCell.xib */,
				321663721DFA23660047A315 /* ReviewView.swift */,
				3216636E1DFA1DEF0047A315 /* endRatingView.xib */,
				3202C7AF1DECBBE7003A8B4C /* Main.storyboard */,
				3202C7B51DECBBE7003A8B4C /* Assets.xcassets */,
				3202C7B71DECBBE7003A8B4C /* LaunchScreen.storyboard */,
				3202C7BA1DECBBE7003A8B4C /* Info.plist */,
				324E90DB1DF0EF3C00D24175 /* GoogleService-Info.plist */,
				3202C7B21DECBBE7003A8B4C /* myGuideUserStore.xcdatamodeld */,
			);
			path = myGuideUserStore;
			sourceTree = "<group>";
		};
		3202C7C21DECBBE8003A8B4C /* myGuideUserStoreTests */ = {
			isa = PBXGroup;
			children = (
				3202C7C31DECBBE8003A8B4C /* myGuideUserStoreTests.swift */,
				3202C7C51DECBBE8003A8B4C /* Info.plist */,
			);
			path = myGuideUserStoreTests;
			sourceTree = "<group>";
		};
		3202C7CD1DECBBE8003A8B4C /* myGuideUserStoreUITests */ = {
			isa = PBXGroup;
			children = (
				3202C7CE1DECBBE8003A8B4C /* myGuideUserStoreUITests.swift */,
				3202C7D01DECBBE8003A8B4C /* Info.plist */,
			);
			path = myGuideUserStoreUITests;
			sourceTree = "<group>";
		};
		4106B22C298A071714931533 /* Frameworks */ = {
			isa = PBXGroup;
			children = (
				320C6D1D1DF88CD200B60430 /* CoreData.framework */,
				4A508D9F738E34ABC7DFA3A0 /* Pods_myGuideUserStore.framework */,
				C5C2A5894366EB52FFB4C483 /* Pods_myGuideUserStoreTests.framework */,
				16F18B0523D4CD25E6977F40 /* Pods_myGuideUserStoreUITests.framework */,
			);
			name = Frameworks;
			sourceTree = "<group>";
		};
		8C6A8762722713491CB7B5D7 /* Pods */ = {
			isa = PBXGroup;
			children = (
				6D2CECEC8265532F3042ED9A /* Pods-myGuideUserStore.debug.xcconfig */,
				3934AEF75D6110B8C0560798 /* Pods-myGuideUserStore.release.xcconfig */,
				5113F496A5BC98A12A65CC45 /* Pods-myGuideUserStoreTests.debug.xcconfig */,
				E14A74B75A4AAA55D5090D2B /* Pods-myGuideUserStoreTests.release.xcconfig */,
				13843F61C5FA2E49ADCF6637 /* Pods-myGuideUserStoreUITests.debug.xcconfig */,
				1462EAC2896E5CFEB1F288E0 /* Pods-myGuideUserStoreUITests.release.xcconfig */,
			);
			name = Pods;
			sourceTree = "<group>";
		};
/* End PBXGroup section */

/* Begin PBXNativeTarget section */
		3202C7A71DECBBE7003A8B4C /* myGuideUserStore */ = {
			isa = PBXNativeTarget;
			buildConfigurationList = 3202C7D31DECBBE8003A8B4C /* Build configuration list for PBXNativeTarget "myGuideUserStore" */;
			buildPhases = (
				B5BD1378DA289A04F0BC529B /* [CP] Check Pods Manifest.lock */,
				3202C7A41DECBBE7003A8B4C /* Sources */,
				3202C7A51DECBBE7003A8B4C /* Frameworks */,
				3202C7A61DECBBE7003A8B4C /* Resources */,
				64F1A6EA3F63DA8DE7D5C5F6 /* [CP] Embed Pods Frameworks */,
				E46C7BC5FE1C40C23719BAF1 /* [CP] Copy Pods Resources */,
			);
			buildRules = (
			);
			dependencies = (
			);
			name = myGuideUserStore;
			productName = myGuideUserStore;
			productReference = 3202C7A81DECBBE7003A8B4C /* myGuideUserStore.app */;
			productType = "com.apple.product-type.application";
		};
		3202C7BE1DECBBE8003A8B4C /* myGuideUserStoreTests */ = {
			isa = PBXNativeTarget;
			buildConfigurationList = 3202C7D61DECBBE8003A8B4C /* Build configuration list for PBXNativeTarget "myGuideUserStoreTests" */;
			buildPhases = (
				68F12102595733CE3C4ED8CE /* [CP] Check Pods Manifest.lock */,
				3202C7BB1DECBBE8003A8B4C /* Sources */,
				3202C7BC1DECBBE8003A8B4C /* Frameworks */,
				3202C7BD1DECBBE8003A8B4C /* Resources */,
				5925837486045EB746EDD981 /* [CP] Embed Pods Frameworks */,
				2BBF83E1E2A8D076700346B4 /* [CP] Copy Pods Resources */,
			);
			buildRules = (
			);
			dependencies = (
				3202C7C11DECBBE8003A8B4C /* PBXTargetDependency */,
			);
			name = myGuideUserStoreTests;
			productName = myGuideUserStoreTests;
			productReference = 3202C7BF1DECBBE8003A8B4C /* myGuideUserStoreTests.xctest */;
			productType = "com.apple.product-type.bundle.unit-test";
		};
		3202C7C91DECBBE8003A8B4C /* myGuideUserStoreUITests */ = {
			isa = PBXNativeTarget;
			buildConfigurationList = 3202C7D91DECBBE8003A8B4C /* Build configuration list for PBXNativeTarget "myGuideUserStoreUITests" */;
			buildPhases = (
				D39B389A7B7AFDB4E69610EC /* [CP] Check Pods Manifest.lock */,
				3202C7C61DECBBE8003A8B4C /* Sources */,
				3202C7C71DECBBE8003A8B4C /* Frameworks */,
				3202C7C81DECBBE8003A8B4C /* Resources */,
				FDE81D1C1C49812797CD167C /* [CP] Embed Pods Frameworks */,
				60274DA35C52589AE83B170A /* [CP] Copy Pods Resources */,
			);
			buildRules = (
			);
			dependencies = (
				3202C7CC1DECBBE8003A8B4C /* PBXTargetDependency */,
			);
			name = myGuideUserStoreUITests;
			productName = myGuideUserStoreUITests;
			productReference = 3202C7CA1DECBBE8003A8B4C /* myGuideUserStoreUITests.xctest */;
			productType = "com.apple.product-type.bundle.ui-testing";
		};
/* End PBXNativeTarget section */

/* Begin PBXProject section */
		3202C7A01DECBBE7003A8B4C /* Project object */ = {
			isa = PBXProject;
			attributes = {
				LastSwiftUpdateCheck = 0810;
				LastUpgradeCheck = 0810;
				ORGANIZATIONNAME = "Cameron Wilcox";
				TargetAttributes = {
					3202C7A71DECBBE7003A8B4C = {
						CreatedOnToolsVersion = 8.1;
						DevelopmentTeam = 77BY68R34P;
						ProvisioningStyle = Automatic;
						SystemCapabilities = {
							com.apple.Keychain = {
								enabled = 1;
							};
						};
					};
					3202C7BE1DECBBE8003A8B4C = {
						CreatedOnToolsVersion = 8.1;
						DevelopmentTeam = 77BY68R34P;
						ProvisioningStyle = Automatic;
						TestTargetID = 3202C7A71DECBBE7003A8B4C;
					};
					3202C7C91DECBBE8003A8B4C = {
						CreatedOnToolsVersion = 8.1;
						DevelopmentTeam = 77BY68R34P;
						ProvisioningStyle = Automatic;
						TestTargetID = 3202C7A71DECBBE7003A8B4C;
					};
				};
			};
			buildConfigurationList = 3202C7A31DECBBE7003A8B4C /* Build configuration list for PBXProject "myGuideUserStore" */;
			compatibilityVersion = "Xcode 3.2";
			developmentRegion = English;
			hasScannedForEncodings = 0;
			knownRegions = (
				en,
				Base,
			);
			mainGroup = 3202C79F1DECBBE7003A8B4C;
			productRefGroup = 3202C7A91DECBBE7003A8B4C /* Products */;
			projectDirPath = "";
			projectRoot = "";
			targets = (
				3202C7A71DECBBE7003A8B4C /* myGuideUserStore */,
				3202C7BE1DECBBE8003A8B4C /* myGuideUserStoreTests */,
				3202C7C91DECBBE8003A8B4C /* myGuideUserStoreUITests */,
			);
		};
/* End PBXProject section */

/* Begin PBXResourcesBuildPhase section */
		3202C7A61DECBBE7003A8B4C /* Resources */ = {
			isa = PBXResourcesBuildPhase;
			buildActionMask = 2147483647;
			files = (
				3202C7B91DECBBE7003A8B4C /* LaunchScreen.storyboard in Resources */,
				3216636F1DFA1DEF0047A315 /* endRatingView.xib in Resources */,
				3202C7B61DECBBE7003A8B4C /* Assets.xcassets in Resources */,
				324E90DC1DF0EF3C00D24175 /* GoogleService-Info.plist in Resources */,
				3202C7B11DECBBE7003A8B4C /* Main.storyboard in Resources */,
				3202C7E31DECBF36003A8B4C /* StoreCell.xib in Resources */,
			);
			runOnlyForDeploymentPostprocessing = 0;
		};
		3202C7BD1DECBBE8003A8B4C /* Resources */ = {
			isa = PBXResourcesBuildPhase;
			buildActionMask = 2147483647;
			files = (
			);
			runOnlyForDeploymentPostprocessing = 0;
		};
		3202C7C81DECBBE8003A8B4C /* Resources */ = {
			isa = PBXResourcesBuildPhase;
			buildActionMask = 2147483647;
			files = (
			);
			runOnlyForDeploymentPostprocessing = 0;
		};
/* End PBXResourcesBuildPhase section */

/* Begin PBXShellScriptBuildPhase section */
		2BBF83E1E2A8D076700346B4 /* [CP] Copy Pods Resources */ = {
			isa = PBXShellScriptBuildPhase;
			buildActionMask = 2147483647;
			files = (
			);
			inputPaths = (
			);
			name = "[CP] Copy Pods Resources";
			outputPaths = (
			);
			runOnlyForDeploymentPostprocessing = 0;
			shellPath = /bin/sh;
			shellScript = "\"${SRCROOT}/Pods/Target Support Files/Pods-myGuideUserStoreTests/Pods-myGuideUserStoreTests-resources.sh\"\n";
			showEnvVarsInLog = 0;
		};
		5925837486045EB746EDD981 /* [CP] Embed Pods Frameworks */ = {
			isa = PBXShellScriptBuildPhase;
			buildActionMask = 2147483647;
			files = (
			);
			inputPaths = (
			);
			name = "[CP] Embed Pods Frameworks";
			outputPaths = (
			);
			runOnlyForDeploymentPostprocessing = 0;
			shellPath = /bin/sh;
			shellScript = "\"${SRCROOT}/Pods/Target Support Files/Pods-myGuideUserStoreTests/Pods-myGuideUserStoreTests-frameworks.sh\"\n";
			showEnvVarsInLog = 0;
		};
		60274DA35C52589AE83B170A /* [CP] Copy Pods Resources */ = {
			isa = PBXShellScriptBuildPhase;
			buildActionMask = 2147483647;
			files = (
			);
			inputPaths = (
			);
			name = "[CP] Copy Pods Resources";
			outputPaths = (
			);
			runOnlyForDeploymentPostprocessing = 0;
			shellPath = /bin/sh;
			shellScript = "\"${SRCROOT}/Pods/Target Support Files/Pods-myGuideUserStoreUITests/Pods-myGuideUserStoreUITests-resources.sh\"\n";
			showEnvVarsInLog = 0;
		};
		64F1A6EA3F63DA8DE7D5C5F6 /* [CP] Embed Pods Frameworks */ = {
			isa = PBXShellScriptBuildPhase;
			buildActionMask = 2147483647;
			files = (
			);
			inputPaths = (
			);
			name = "[CP] Embed Pods Frameworks";
			outputPaths = (
			);
			runOnlyForDeploymentPostprocessing = 0;
			shellPath = /bin/sh;
			shellScript = "\"${SRCROOT}/Pods/Target Support Files/Pods-myGuideUserStore/Pods-myGuideUserStore-frameworks.sh\"\n";
			showEnvVarsInLog = 0;
		};
		68F12102595733CE3C4ED8CE /* [CP] Check Pods Manifest.lock */ = {
			isa = PBXShellScriptBuildPhase;
			buildActionMask = 2147483647;
			files = (
			);
			inputPaths = (
			);
			name = "[CP] Check Pods Manifest.lock";
			outputPaths = (
			);
			runOnlyForDeploymentPostprocessing = 0;
			shellPath = /bin/sh;
			shellScript = "diff \"${PODS_ROOT}/../Podfile.lock\" \"${PODS_ROOT}/Manifest.lock\" > /dev/null\nif [ $? != 0 ] ; then\n    # print error to STDERR\n    echo \"error: The sandbox is not in sync with the Podfile.lock. Run 'pod install' or update your CocoaPods installation.\" >&2\n    exit 1\nfi\n";
			showEnvVarsInLog = 0;
		};
		B5BD1378DA289A04F0BC529B /* [CP] Check Pods Manifest.lock */ = {
			isa = PBXShellScriptBuildPhase;
			buildActionMask = 2147483647;
			files = (
			);
			inputPaths = (
			);
			name = "[CP] Check Pods Manifest.lock";
			outputPaths = (
			);
			runOnlyForDeploymentPostprocessing = 0;
			shellPath = /bin/sh;
			shellScript = "diff \"${PODS_ROOT}/../Podfile.lock\" \"${PODS_ROOT}/Manifest.lock\" > /dev/null\nif [ $? != 0 ] ; then\n    # print error to STDERR\n    echo \"error: The sandbox is not in sync with the Podfile.lock. Run 'pod install' or update your CocoaPods installation.\" >&2\n    exit 1\nfi\n";
			showEnvVarsInLog = 0;
		};
		D39B389A7B7AFDB4E69610EC /* [CP] Check Pods Manifest.lock */ = {
			isa = PBXShellScriptBuildPhase;
			buildActionMask = 2147483647;
			files = (
			);
			inputPaths = (
			);
			name = "[CP] Check Pods Manifest.lock";
			outputPaths = (
			);
			runOnlyForDeploymentPostprocessing = 0;
			shellPath = /bin/sh;
			shellScript = "diff \"${PODS_ROOT}/../Podfile.lock\" \"${PODS_ROOT}/Manifest.lock\" > /dev/null\nif [ $? != 0 ] ; then\n    # print error to STDERR\n    echo \"error: The sandbox is not in sync with the Podfile.lock. Run 'pod install' or update your CocoaPods installation.\" >&2\n    exit 1\nfi\n";
			showEnvVarsInLog = 0;
		};
		E46C7BC5FE1C40C23719BAF1 /* [CP] Copy Pods Resources */ = {
			isa = PBXShellScriptBuildPhase;
			buildActionMask = 2147483647;
			files = (
			);
			inputPaths = (
			);
			name = "[CP] Copy Pods Resources";
			outputPaths = (
			);
			runOnlyForDeploymentPostprocessing = 0;
			shellPath = /bin/sh;
			shellScript = "\"${SRCROOT}/Pods/Target Support Files/Pods-myGuideUserStore/Pods-myGuideUserStore-resources.sh\"\n";
			showEnvVarsInLog = 0;
		};
		FDE81D1C1C49812797CD167C /* [CP] Embed Pods Frameworks */ = {
			isa = PBXShellScriptBuildPhase;
			buildActionMask = 2147483647;
			files = (
			);
			inputPaths = (
			);
			name = "[CP] Embed Pods Frameworks";
			outputPaths = (
			);
			runOnlyForDeploymentPostprocessing = 0;
			shellPath = /bin/sh;
			shellScript = "\"${SRCROOT}/Pods/Target Support Files/Pods-myGuideUserStoreUITests/Pods-myGuideUserStoreUITests-frameworks.sh\"\n";
			showEnvVarsInLog = 0;
		};
/* End PBXShellScriptBuildPhase section */

/* Begin PBXSourcesBuildPhase section */
		3202C7A41DECBBE7003A8B4C /* Sources */ = {
			isa = PBXSourcesBuildPhase;
			buildActionMask = 2147483647;
			files = (
				321663731DFA23660047A315 /* ReviewView.swift in Sources */,
				320C6D201DF8908800B60430 /* MyToursViewController.swift in Sources */,
				320C6D221DF8B92A00B60430 /* TourViewController.swift in Sources */,
				323CB11F1DF714D1006ED9A2 /* LoginViewController.swift in Sources */,
				323CB11D1DF71445006ED9A2 /* ViewController.swift in Sources */,
				3202C7E11DECBE0C003A8B4C /* StoreTableViewController.swift in Sources */,
				3202C7AC1DECBBE7003A8B4C /* AppDelegate.swift in Sources */,
				3202C7B41DECBBE7003A8B4C /* myGuideUserStore.xcdatamodeld in Sources */,
				3202C7E51DECC3DD003A8B4C /* TourDetailViewController.swift in Sources */,
				32FF8CE21DF7246C00A5CAA5 /* StoreViewController.swift in Sources */,
			);
			runOnlyForDeploymentPostprocessing = 0;
		};
		3202C7BB1DECBBE8003A8B4C /* Sources */ = {
			isa = PBXSourcesBuildPhase;
			buildActionMask = 2147483647;
			files = (
				3202C7C41DECBBE8003A8B4C /* myGuideUserStoreTests.swift in Sources */,
			);
			runOnlyForDeploymentPostprocessing = 0;
		};
		3202C7C61DECBBE8003A8B4C /* Sources */ = {
			isa = PBXSourcesBuildPhase;
			buildActionMask = 2147483647;
			files = (
				3202C7CF1DECBBE8003A8B4C /* myGuideUserStoreUITests.swift in Sources */,
			);
			runOnlyForDeploymentPostprocessing = 0;
		};
/* End PBXSourcesBuildPhase section */

/* Begin PBXTargetDependency section */
		3202C7C11DECBBE8003A8B4C /* PBXTargetDependency */ = {
			isa = PBXTargetDependency;
			target = 3202C7A71DECBBE7003A8B4C /* myGuideUserStore */;
			targetProxy = 3202C7C01DECBBE8003A8B4C /* PBXContainerItemProxy */;
		};
		3202C7CC1DECBBE8003A8B4C /* PBXTargetDependency */ = {
			isa = PBXTargetDependency;
			target = 3202C7A71DECBBE7003A8B4C /* myGuideUserStore */;
			targetProxy = 3202C7CB1DECBBE8003A8B4C /* PBXContainerItemProxy */;
		};
/* End PBXTargetDependency section */

/* Begin PBXVariantGroup section */
		3202C7AF1DECBBE7003A8B4C /* Main.storyboard */ = {
			isa = PBXVariantGroup;
			children = (
				3202C7B01DECBBE7003A8B4C /* Base */,
			);
			name = Main.storyboard;
			sourceTree = "<group>";
		};
		3202C7B71DECBBE7003A8B4C /* LaunchScreen.storyboard */ = {
			isa = PBXVariantGroup;
			children = (
				3202C7B81DECBBE7003A8B4C /* Base */,
			);
			name = LaunchScreen.storyboard;
			sourceTree = "<group>";
		};
/* End PBXVariantGroup section */

/* Begin XCBuildConfiguration section */
		3202C7D11DECBBE8003A8B4C /* Debug */ = {
			isa = XCBuildConfiguration;
			buildSettings = {
				ALWAYS_SEARCH_USER_PATHS = NO;
				CLANG_ANALYZER_NONNULL = YES;
				CLANG_CXX_LANGUAGE_STANDARD = "gnu++0x";
				CLANG_CXX_LIBRARY = "libc++";
				CLANG_ENABLE_MODULES = YES;
				CLANG_ENABLE_OBJC_ARC = YES;
				CLANG_WARN_BOOL_CONVERSION = YES;
				CLANG_WARN_CONSTANT_CONVERSION = YES;
				CLANG_WARN_DIRECT_OBJC_ISA_USAGE = YES_ERROR;
				CLANG_WARN_DOCUMENTATION_COMMENTS = YES;
				CLANG_WARN_EMPTY_BODY = YES;
				CLANG_WARN_ENUM_CONVERSION = YES;
				CLANG_WARN_INFINITE_RECURSION = YES;
				CLANG_WARN_INT_CONVERSION = YES;
				CLANG_WARN_OBJC_ROOT_CLASS = YES_ERROR;
				CLANG_WARN_SUSPICIOUS_MOVES = YES;
				CLANG_WARN_UNREACHABLE_CODE = YES;
				CLANG_WARN__DUPLICATE_METHOD_MATCH = YES;
				"CODE_SIGN_IDENTITY[sdk=iphoneos*]" = "iPhone Developer";
				COPY_PHASE_STRIP = NO;
				DEBUG_INFORMATION_FORMAT = dwarf;
				ENABLE_STRICT_OBJC_MSGSEND = YES;
				ENABLE_TESTABILITY = YES;
				GCC_C_LANGUAGE_STANDARD = gnu99;
				GCC_DYNAMIC_NO_PIC = NO;
				GCC_NO_COMMON_BLOCKS = YES;
				GCC_OPTIMIZATION_LEVEL = 0;
				GCC_PREPROCESSOR_DEFINITIONS = (
					"DEBUG=1",
					"$(inherited)",
				);
				GCC_WARN_64_TO_32_BIT_CONVERSION = YES;
				GCC_WARN_ABOUT_RETURN_TYPE = YES_ERROR;
				GCC_WARN_UNDECLARED_SELECTOR = YES;
				GCC_WARN_UNINITIALIZED_AUTOS = YES_AGGRESSIVE;
				GCC_WARN_UNUSED_FUNCTION = YES;
				GCC_WARN_UNUSED_VARIABLE = YES;
				IPHONEOS_DEPLOYMENT_TARGET = 10.1;
				MTL_ENABLE_DEBUG_INFO = YES;
				ONLY_ACTIVE_ARCH = YES;
				SDKROOT = iphoneos;
				SWIFT_ACTIVE_COMPILATION_CONDITIONS = DEBUG;
				SWIFT_OPTIMIZATION_LEVEL = "-Onone";
				TARGETED_DEVICE_FAMILY = "1,2";
			};
			name = Debug;
		};
		3202C7D21DECBBE8003A8B4C /* Release */ = {
			isa = XCBuildConfiguration;
			buildSettings = {
				ALWAYS_SEARCH_USER_PATHS = NO;
				CLANG_ANALYZER_NONNULL = YES;
				CLANG_CXX_LANGUAGE_STANDARD = "gnu++0x";
				CLANG_CXX_LIBRARY = "libc++";
				CLANG_ENABLE_MODULES = YES;
				CLANG_ENABLE_OBJC_ARC = YES;
				CLANG_WARN_BOOL_CONVERSION = YES;
				CLANG_WARN_CONSTANT_CONVERSION = YES;
				CLANG_WARN_DIRECT_OBJC_ISA_USAGE = YES_ERROR;
				CLANG_WARN_DOCUMENTATION_COMMENTS = YES;
				CLANG_WARN_EMPTY_BODY = YES;
				CLANG_WARN_ENUM_CONVERSION = YES;
				CLANG_WARN_INFINITE_RECURSION = YES;
				CLANG_WARN_INT_CONVERSION = YES;
				CLANG_WARN_OBJC_ROOT_CLASS = YES_ERROR;
				CLANG_WARN_SUSPICIOUS_MOVES = YES;
				CLANG_WARN_UNREACHABLE_CODE = YES;
				CLANG_WARN__DUPLICATE_METHOD_MATCH = YES;
				"CODE_SIGN_IDENTITY[sdk=iphoneos*]" = "iPhone Developer";
				COPY_PHASE_STRIP = NO;
				DEBUG_INFORMATION_FORMAT = "dwarf-with-dsym";
				ENABLE_NS_ASSERTIONS = NO;
				ENABLE_STRICT_OBJC_MSGSEND = YES;
				GCC_C_LANGUAGE_STANDARD = gnu99;
				GCC_NO_COMMON_BLOCKS = YES;
				GCC_WARN_64_TO_32_BIT_CONVERSION = YES;
				GCC_WARN_ABOUT_RETURN_TYPE = YES_ERROR;
				GCC_WARN_UNDECLARED_SELECTOR = YES;
				GCC_WARN_UNINITIALIZED_AUTOS = YES_AGGRESSIVE;
				GCC_WARN_UNUSED_FUNCTION = YES;
				GCC_WARN_UNUSED_VARIABLE = YES;
				IPHONEOS_DEPLOYMENT_TARGET = 10.1;
				MTL_ENABLE_DEBUG_INFO = NO;
				SDKROOT = iphoneos;
				SWIFT_OPTIMIZATION_LEVEL = "-Owholemodule";
				TARGETED_DEVICE_FAMILY = "1,2";
				VALIDATE_PRODUCT = YES;
			};
			name = Release;
		};
		3202C7D41DECBBE8003A8B4C /* Debug */ = {
			isa = XCBuildConfiguration;
			baseConfigurationReference = 6D2CECEC8265532F3042ED9A /* Pods-myGuideUserStore.debug.xcconfig */;
			buildSettings = {
				ASSETCATALOG_COMPILER_APPICON_NAME = AppIcon;
				CODE_SIGN_ENTITLEMENTS = myGuideUserStore/myGuideUserStore.entitlements;
				DEVELOPMENT_TEAM = 77BY68R34P;
				INFOPLIST_FILE = myGuideUserStore/Info.plist;
				IPHONEOS_DEPLOYMENT_TARGET = 10.0;
				LD_RUNPATH_SEARCH_PATHS = "$(inherited) @executable_path/Frameworks";
				PRODUCT_BUNDLE_IDENTIFIER = cam.myGuideUserStore;
				PRODUCT_NAME = "$(TARGET_NAME)";
				SWIFT_VERSION = 3.0;
			};
			name = Debug;
		};
		3202C7D51DECBBE8003A8B4C /* Release */ = {
			isa = XCBuildConfiguration;
			baseConfigurationReference = 3934AEF75D6110B8C0560798 /* Pods-myGuideUserStore.release.xcconfig */;
			buildSettings = {
				ASSETCATALOG_COMPILER_APPICON_NAME = AppIcon;
				CODE_SIGN_ENTITLEMENTS = myGuideUserStore/myGuideUserStore.entitlements;
				DEVELOPMENT_TEAM = 77BY68R34P;
				INFOPLIST_FILE = myGuideUserStore/Info.plist;
				IPHONEOS_DEPLOYMENT_TARGET = 10.0;
				LD_RUNPATH_SEARCH_PATHS = "$(inherited) @executable_path/Frameworks";
				PRODUCT_BUNDLE_IDENTIFIER = cam.myGuideUserStore;
				PRODUCT_NAME = "$(TARGET_NAME)";
				SWIFT_VERSION = 3.0;
			};
			name = Release;
		};
		3202C7D71DECBBE8003A8B4C /* Debug */ = {
			isa = XCBuildConfiguration;
			baseConfigurationReference = 5113F496A5BC98A12A65CC45 /* Pods-myGuideUserStoreTests.debug.xcconfig */;
			buildSettings = {
				ALWAYS_EMBED_SWIFT_STANDARD_LIBRARIES = YES;
				BUNDLE_LOADER = "$(TEST_HOST)";
				DEVELOPMENT_TEAM = 77BY68R34P;
				INFOPLIST_FILE = myGuideUserStoreTests/Info.plist;
				LD_RUNPATH_SEARCH_PATHS = "$(inherited) @executable_path/Frameworks @loader_path/Frameworks";
				PRODUCT_BUNDLE_IDENTIFIER = cam.myGuideUserStoreTests;
				PRODUCT_NAME = "$(TARGET_NAME)";
				SWIFT_VERSION = 3.0;
				TEST_HOST = "$(BUILT_PRODUCTS_DIR)/myGuideUserStore.app/myGuideUserStore";
			};
			name = Debug;
		};
		3202C7D81DECBBE8003A8B4C /* Release */ = {
			isa = XCBuildConfiguration;
			baseConfigurationReference = E14A74B75A4AAA55D5090D2B /* Pods-myGuideUserStoreTests.release.xcconfig */;
			buildSettings = {
				ALWAYS_EMBED_SWIFT_STANDARD_LIBRARIES = YES;
				BUNDLE_LOADER = "$(TEST_HOST)";
				DEVELOPMENT_TEAM = 77BY68R34P;
				INFOPLIST_FILE = myGuideUserStoreTests/Info.plist;
				LD_RUNPATH_SEARCH_PATHS = "$(inherited) @executable_path/Frameworks @loader_path/Frameworks";
				PRODUCT_BUNDLE_IDENTIFIER = cam.myGuideUserStoreTests;
				PRODUCT_NAME = "$(TARGET_NAME)";
				SWIFT_VERSION = 3.0;
				TEST_HOST = "$(BUILT_PRODUCTS_DIR)/myGuideUserStore.app/myGuideUserStore";
			};
			name = Release;
		};
		3202C7DA1DECBBE8003A8B4C /* Debug */ = {
			isa = XCBuildConfiguration;
			baseConfigurationReference = 13843F61C5FA2E49ADCF6637 /* Pods-myGuideUserStoreUITests.debug.xcconfig */;
			buildSettings = {
				ALWAYS_EMBED_SWIFT_STANDARD_LIBRARIES = YES;
				DEVELOPMENT_TEAM = 77BY68R34P;
				INFOPLIST_FILE = myGuideUserStoreUITests/Info.plist;
				LD_RUNPATH_SEARCH_PATHS = "$(inherited) @executable_path/Frameworks @loader_path/Frameworks";
				PRODUCT_BUNDLE_IDENTIFIER = cam.myGuideUserStoreUITests;
				PRODUCT_NAME = "$(TARGET_NAME)";
				SWIFT_VERSION = 3.0;
				TEST_TARGET_NAME = myGuideUserStore;
			};
			name = Debug;
		};
		3202C7DB1DECBBE8003A8B4C /* Release */ = {
			isa = XCBuildConfiguration;
			baseConfigurationReference = 1462EAC2896E5CFEB1F288E0 /* Pods-myGuideUserStoreUITests.release.xcconfig */;
			buildSettings = {
				ALWAYS_EMBED_SWIFT_STANDARD_LIBRARIES = YES;
				DEVELOPMENT_TEAM = 77BY68R34P;
				INFOPLIST_FILE = myGuideUserStoreUITests/Info.plist;
				LD_RUNPATH_SEARCH_PATHS = "$(inherited) @executable_path/Frameworks @loader_path/Frameworks";
				PRODUCT_BUNDLE_IDENTIFIER = cam.myGuideUserStoreUITests;
				PRODUCT_NAME = "$(TARGET_NAME)";
				SWIFT_VERSION = 3.0;
				TEST_TARGET_NAME = myGuideUserStore;
			};
			name = Release;
		};
/* End XCBuildConfiguration section */

/* Begin XCConfigurationList section */
		3202C7A31DECBBE7003A8B4C /* Build configuration list for PBXProject "myGuideUserStore" */ = {
			isa = XCConfigurationList;
			buildConfigurations = (
				3202C7D11DECBBE8003A8B4C /* Debug */,
				3202C7D21DECBBE8003A8B4C /* Release */,
			);
			defaultConfigurationIsVisible = 0;
			defaultConfigurationName = Release;
		};
		3202C7D31DECBBE8003A8B4C /* Build configuration list for PBXNativeTarget "myGuideUserStore" */ = {
			isa = XCConfigurationList;
			buildConfigurations = (
				3202C7D41DECBBE8003A8B4C /* Debug */,
				3202C7D51DECBBE8003A8B4C /* Release */,
			);
			defaultConfigurationIsVisible = 0;
			defaultConfigurationName = Release;
		};
		3202C7D61DECBBE8003A8B4C /* Build configuration list for PBXNativeTarget "myGuideUserStoreTests" */ = {
			isa = XCConfigurationList;
			buildConfigurations = (
				3202C7D71DECBBE8003A8B4C /* Debug */,
				3202C7D81DECBBE8003A8B4C /* Release */,
			);
			defaultConfigurationIsVisible = 0;
			defaultConfigurationName = Release;
		};
		3202C7D91DECBBE8003A8B4C /* Build configuration list for PBXNativeTarget "myGuideUserStoreUITests" */ = {
			isa = XCConfigurationList;
			buildConfigurations = (
				3202C7DA1DECBBE8003A8B4C /* Debug */,
				3202C7DB1DECBBE8003A8B4C /* Release */,
			);
			defaultConfigurationIsVisible = 0;
			defaultConfigurationName = Release;
		};
/* End XCConfigurationList section */

/* Begin XCVersionGroup section */
		3202C7B21DECBBE7003A8B4C /* myGuideUserStore.xcdatamodeld */ = {
			isa = XCVersionGroup;
			children = (
				3202C7B31DECBBE7003A8B4C /* myGuideUserStore.xcdatamodel */,
			);
			currentVersion = 3202C7B31DECBBE7003A8B4C /* myGuideUserStore.xcdatamodel */;
			path = myGuideUserStore.xcdatamodeld;
			sourceTree = "<group>";
			versionGroupType = wrapper.xcdatamodel;
		};
/* End XCVersionGroup section */
	};
	rootObject = 3202C7A01DECBBE7003A8B4C /* Project object */;
}
